
Microsoft Visual Studio Solution File, Format Version 12.00
# Visual Studio Version 17
VisualStudioVersion = 17.7.34031.279
MinimumVisualStudioVersion = 10.0.40219.1
Project("{FAE04EC0-301F-11D3-BF4B-00C04F79EFBC}") = "Minesweeper", "Minesweeper.csproj", "{68B745CA-1420-48D7-8298-0BD74DF779B2}"
EndProject
Global
	GlobalSection(SolutionConfigurationPlatforms) = preSolution
		Debug|Any CPU = Debug|Any CPU
		Release|Any CPU = Release|Any CPU
	EndGlobalSection
	GlobalSection(ProjectConfigurationPlatforms) = postSolution
		{68B745CA-1420-48D7-8298-0BD74DF779B2}.Debug|Any CPU.ActiveCfg = Debug|Any CPU
		{68B745CA-1420-48D7-8298-0BD74DF779B2}.Debug|Any CPU.Build.0 = Debug|Any CPU
		{68B745CA-1420-48D7-8298-0BD74DF779B2}.Release|Any CPU.ActiveCfg = Release|Any CPU
		{68B745CA-1420-48D7-8298-0BD74DF779B2}.Release|Any CPU.Build.0 = Release|Any CPU
	EndGlobalSection
	GlobalSection(SolutionProperties) = preSolution
		HideSolutionNode = FALSE
	EndGlobalSection
	GlobalSection(ExtensibilityGlobals) = postSolution
		SolutionGuid = {98F9B389-E9B4-4491-8B67-0250C49D95B5}
	EndGlobalSection
EndGlobal
